{
  "name": "puppeteer-scraper-server",
  "version": "1.0.0",
  "lockfileVersion": 2,
  "requires": true,
  "packages": {
    "": {
      "name": "puppeteer-scraper-server",
      "version": "1.0.0",
      "dependencies": {
        "express": "^4.18.2",
        "puppeteer": "^21.3.8"
      }
    }
  }
}
